
Microsoft Visual Studio Solution File, Format Version 12.00
Project("{FAE04EC0-301F-11D3-BF4B-00C04F79EFBC}") = "hms_web_api", "hms_web_api\hms_web_api.csproj", "{E4D2295E-BA8A-4388-BC54-8022C8243DBD}"
EndProject
Global
	GlobalSection(SolutionConfigurationPlatforms) = preSolution
		Debug|Any CPU = Debug|Any CPU
		Release|Any CPU = Release|Any CPU
	EndGlobalSection
	GlobalSection(ProjectConfigurationPlatforms) = postSolution
		{E4D2295E-BA8A-4388-BC54-8022C8243DBD}.Debug|Any CPU.ActiveCfg = Debug|Any CPU
		{E4D2295E-BA8A-4388-BC54-8022C8243DBD}.Debug|Any CPU.Build.0 = Debug|Any CPU
		{E4D2295E-BA8A-4388-BC54-8022C8243DBD}.Release|Any CPU.ActiveCfg = Release|Any CPU
		{E4D2295E-BA8A-4388-BC54-8022C8243DBD}.Release|Any CPU.Build.0 = Release|Any CPU
	EndGlobalSection
EndGlobal
